
Microsoft Visual Studio Solution File, Format Version 12.00
Project("{FAE04EC0-301F-11D3-BF4B-00C04F79EFBC}") = "StronglyTypedIdentity", "StronglyTypedIdentity\StronglyTypedIdentity.csproj", "{2EC6A467-81A3-447A-A416-EB291EB24CB5}"
EndProject
Project("{FAE04EC0-301F-11D3-BF4B-00C04F79EFBC}") = "StronglyTypedIdentity.ArchTests", "StronglyTypedIdentity.ArchTests\StronglyTypedIdentity.ArchTests.csproj", "{7A08097B-7930-4B58-BD63-DE3F276BE5A0}"
EndProject
Global
	GlobalSection(SolutionConfigurationPlatforms) = preSolution
		Debug|Any CPU = Debug|Any CPU
		Release|Any CPU = Release|Any CPU
	EndGlobalSection
	GlobalSection(ProjectConfigurationPlatforms) = postSolution
		{2EC6A467-81A3-447A-A416-EB291EB24CB5}.Debug|Any CPU.ActiveCfg = Debug|Any CPU
		{2EC6A467-81A3-447A-A416-EB291EB24CB5}.Debug|Any CPU.Build.0 = Debug|Any CPU
		{2EC6A467-81A3-447A-A416-EB291EB24CB5}.Release|Any CPU.ActiveCfg = Release|Any CPU
		{2EC6A467-81A3-447A-A416-EB291EB24CB5}.Release|Any CPU.Build.0 = Release|Any CPU
		{7A08097B-7930-4B58-BD63-DE3F276BE5A0}.Debug|Any CPU.ActiveCfg = Debug|Any CPU
		{7A08097B-7930-4B58-BD63-DE3F276BE5A0}.Debug|Any CPU.Build.0 = Debug|Any CPU
		{7A08097B-7930-4B58-BD63-DE3F276BE5A0}.Release|Any CPU.ActiveCfg = Release|Any CPU
		{7A08097B-7930-4B58-BD63-DE3F276BE5A0}.Release|Any CPU.Build.0 = Release|Any CPU
	EndGlobalSection
EndGlobal
